<?xml version="1.0" encoding="utf-8"?>
<Project ToolsVersion="4.0" xmlns="http://schemas.microsoft.com/developer/msbuild/2003">
  <ItemGroup>
    <Filter Include="Source Files">
      <UniqueIdentifier>{4FC737F1-C7A5-4376-A066-2A32D752A2FF}</UniqueIdentifier>
      <Extensions>cpp;c;cc;cxx;c++;cppm;ixx;def;odl;idl;hpj;bat;asm;asmx</Extensions>
    </Filter>
    <Filter Include="Header Files">
      <UniqueIdentifier>{93995380-89BD-4b04-88EB-625FBE52EBFB}</UniqueIdentifier>
      <Extensions>h;hh;hpp;hxx;h++;hm;inl;inc;ipp;xsd</Extensions>
    </Filter>
    <Filter Include="Resource Files">
      <UniqueIdentifier>{67DA6AB6-F800-4c08-8B7A-83BB121AAD01}</UniqueIdentifier>
      <Extensions>rc;ico;cur;bmp;dlg;rc2;rct;bin;rgs;gif;jpg;jpeg;jpe;resx;tiff;tif;png;wav;mfcribbon-ms</Extensions>
    </Filter>
    <Filter Include="Header Files\Engine Toolkit">
      <UniqueIdentifier>{e1c52609-67ff-4034-a85b-a7e5c95f83fe}</UniqueIdentifier>
    </Filter>
    <Filter Include="Source Files\Engine Toolkit">
      <UniqueIdentifier>{8b267fdd-0d60-4adb-8c05-a3667d3cbadf}</UniqueIdentifier>
    </Filter>
    <Filter Include="Source Files\Engine Toolkit\Managers">
      <UniqueIdentifier>{f6bb04e7-8c71-474a-9566-a8a62af0de41}</UniqueIdentifier>
    </Filter>
    <Filter Include="Source Files\Engine Toolkit\UI">
      <UniqueIdentifier>{b9a4627a-274a-45ab-b7c8-9236a754f901}</UniqueIdentifier>
    </Filter>
    <Filter Include="Source Files\Engine Toolkit\Scenes">
      <UniqueIdentifier>{afad2205-338b-48a6-a279-447b5e4f0187}</UniqueIdentifier>
    </Filter>
    <Filter Include="Header Files\Engine Toolkit\Managers">
      <UniqueIdentifier>{96615fa9-2eeb-43ab-9544-4565a870aabc}</UniqueIdentifier>
    </Filter>
    <Filter Include="Header Files\Engine Toolkit\UI">
      <UniqueIdentifier>{7bf70151-8846-45b8-aa0a-2ef81a36e427}</UniqueIdentifier>
    </Filter>
    <Filter Include="Header Files\Engine Toolkit\Scenes">
      <UniqueIdentifier>{699863c5-916d-44a4-bc21-cf82da168349}</UniqueIdentifier>
    </Filter>
    <Filter Include="Header Files\Engine Toolkit\UI\Elements">
      <UniqueIdentifier>{cccee30c-6ddf-4d91-9e3a-67303e353f58}</UniqueIdentifier>
    </Filter>
    <Filter Include="Source Files\Engine Toolkit\UI\Elements">
      <UniqueIdentifier>{8078b787-0657-43a8-87a9-39d64cb29e8e}</UniqueIdentifier>
    </Filter>
    <Filter Include="Source Files\Engine Toolkit\Scenes\Gameplay">
      <UniqueIdentifier>{66cb4080-f655-41ed-8129-f3d537e99537}</UniqueIdentifier>
    </Filter>
    <Filter Include="Source Files\Engine Toolkit\Scenes\Gameplay\Campaign">
      <UniqueIdentifier>{7d250ea1-9102-4d99-a10b-f2bf8ff1c793}</UniqueIdentifier>
    </Filter>
    <Filter Include="Source Files\Engine Toolkit\Scenes\Gameplay\Endless">
      <UniqueIdentifier>{8f3528e8-016c-4db9-aced-9ae576d847d4}</UniqueIdentifier>
    </Filter>
    <Filter Include="Source Files\Engine Toolkit\Scenes\Gameplay\Challenge">
      <UniqueIdentifier>{a291361d-e1a4-4aa3-9676-af8582607fa4}</UniqueIdentifier>
    </Filter>
    <Filter Include="Header Files\Engine Toolkit\Scenes\Gameplay">
      <UniqueIdentifier>{4d059752-f9d9-4e6d-998d-1e15fe9a9cf1}</UniqueIdentifier>
    </Filter>
    <Filter Include="Header Files\Engine Toolkit\Scenes\Gameplay\Challenge">
      <UniqueIdentifier>{72a2c600-e4d5-42cb-b510-b9cbc1ff775d}</UniqueIdentifier>
    </Filter>
    <Filter Include="Header Files\Engine Toolkit\Scenes\Gameplay\Endless">
      <UniqueIdentifier>{81f74ea6-16df-49bc-bbe0-d4ebf4843c7f}</UniqueIdentifier>
    </Filter>
    <Filter Include="Header Files\Engine Toolkit\Scenes\Gameplay\Campaign">
      <UniqueIdentifier>{a15fbc30-140a-45ed-99d0-46e353dd82a6}</UniqueIdentifier>
    </Filter>
    <Filter Include="Header Files\Engine Toolkit\Entity">
      <UniqueIdentifier>{a1ff9126-2b1e-40f7-8fe2-e77c1227689f}</UniqueIdentifier>
    </Filter>
    <Filter Include="Source Files\Engine Toolkit\Entity">
      <UniqueIdentifier>{97274a4a-b1f9-4f25-b9f7-b8269b78a76b}</UniqueIdentifier>
    </Filter>
  </ItemGroup>
  <ItemGroup>
    <ClCompile Include="main.cpp">
      <Filter>Source Files</Filter>
    </ClCompile>
    <ClCompile Include="AssetManager.cpp">
      <Filter>Source Files\Engine Toolkit\Managers</Filter>
    </ClCompile>
    <ClCompile Include="Config.cpp">
      <Filter>Source Files\Engine Toolkit</Filter>
    </ClCompile>
    <ClCompile Include="Utils.cpp">
      <Filter>Source Files\Engine Toolkit</Filter>
    </ClCompile>
    <ClCompile Include="SceneManager.cpp">
      <Filter>Source Files\Engine Toolkit\Managers</Filter>
    </ClCompile>
    <ClCompile Include="DefaultScene.cpp">
      <Filter>Source Files\Engine Toolkit\Scenes</Filter>
    </ClCompile>
    <ClCompile Include="UIElement.cpp">
      <Filter>Source Files\Engine Toolkit\UI</Filter>
    </ClCompile>
    <ClCompile Include="UIButton.cpp">
      <Filter>Source Files\Engine Toolkit\UI\Elements</Filter>
    </ClCompile>
    <ClCompile Include="SettingsScene.cpp">
      <Filter>Source Files\Engine Toolkit\Scenes</Filter>
    </ClCompile>
    <ClCompile Include="UIRadioButton.cpp">
      <Filter>Source Files\Engine Toolkit\UI\Elements</Filter>
    </ClCompile>
    <ClCompile Include="ControlsScene.cpp">
      <Filter>Source Files\Engine Toolkit\Scenes</Filter>
    </ClCompile>
    <ClCompile Include="PlayerData.cpp">
      <Filter>Source Files\Engine Toolkit</Filter>
    </ClCompile>
    <ClCompile Include="Resolution.cpp">
      <Filter>Source Files\Engine Toolkit\UI</Filter>
    </ClCompile>
    <ClCompile Include="PlaySelectScene.cpp">
      <Filter>Source Files\Engine Toolkit\Scenes\Gameplay</Filter>
    </ClCompile>
    <ClCompile Include="StatsScene.cpp">
      <Filter>Source Files\Engine Toolkit\Scenes</Filter>
    </ClCompile>
    <ClCompile Include="CampaignInfoScene.cpp">
      <Filter>Source Files\Engine Toolkit\Scenes\Gameplay\Campaign</Filter>
    </ClCompile>
    <ClCompile Include="EndlessInfoScene.cpp">
      <Filter>Source Files\Engine Toolkit\Scenes\Gameplay\Endless</Filter>
    </ClCompile>
    <ClCompile Include="ChallengeInfoScene.cpp">
      <Filter>Source Files\Engine Toolkit\Scenes\Gameplay\Challenge</Filter>
    </ClCompile>
    <ClCompile Include="CampaignSelectScene.cpp">
      <Filter>Source Files\Engine Toolkit\Scenes\Gameplay\Campaign</Filter>
    </ClCompile>
    <ClCompile Include="PlayCampaignScene.cpp">
      <Filter>Source Files\Engine Toolkit\Scenes\Gameplay\Campaign</Filter>
    </ClCompile>
    <ClCompile Include="Cannon.cpp">
      <Filter>Source Files\Engine Toolkit\Entity</Filter>
    </ClCompile>
    <ClCompile Include="Ball.cpp">
      <Filter>Source Files\Engine Toolkit\Entity</Filter>
    </ClCompile>
    <ClCompile Include="PneumaticPress.cpp">
      <Filter>Source Files\Engine Toolkit\Entity</Filter>
    </ClCompile>
    <ClCompile Include="Entity.cpp">
      <Filter>Source Files\Engine Toolkit\Entity</Filter>
    </ClCompile>
    <ClCompile Include="CampVictoryScene.cpp">
      <Filter>Source Files\Engine Toolkit\Scenes\Gameplay\Campaign</Filter>
    </ClCompile>
    <ClCompile Include="CampLoseScene.cpp">
      <Filter>Source Files\Engine Toolkit\Scenes\Gameplay\Campaign</Filter>
    </ClCompile>
  </ItemGroup>
  <ItemGroup>
    <ClInclude Include="Defines.h">
      <Filter>Header Files\Engine Toolkit</Filter>
    </ClInclude>
    <ClInclude Include="Resolution.h">
      <Filter>Header Files\Engine Toolkit</Filter>
    </ClInclude>
    <ClInclude Include="AssetManager.h">
      <Filter>Header Files\Engine Toolkit\Managers</Filter>
    </ClInclude>
    <ClInclude Include="Config.h">
      <Filter>Header Files\Engine Toolkit</Filter>
    </ClInclude>
    <ClInclude Include="Utils.h">
      <Filter>Header Files\Engine Toolkit</Filter>
    </ClInclude>
    <ClInclude Include="SceneManager.h">
      <Filter>Header Files\Engine Toolkit\Managers</Filter>
    </ClInclude>
    <ClInclude Include="DefaultScene.h">
      <Filter>Header Files\Engine Toolkit\Scenes</Filter>
    </ClInclude>
    <ClInclude Include="UIElement.h">
      <Filter>Header Files\Engine Toolkit\UI</Filter>
    </ClInclude>
    <ClInclude Include="UIButton.h">
      <Filter>Header Files\Engine Toolkit\UI\Elements</Filter>
    </ClInclude>
    <ClInclude Include="SettingsScene.h">
      <Filter>Header Files\Engine Toolkit\Scenes</Filter>
    </ClInclude>
    <ClInclude Include="UIRadioButton.h">
      <Filter>Header Files\Engine Toolkit\UI\Elements</Filter>
    </ClInclude>
    <ClInclude Include="ControlsScene.h">
      <Filter>Header Files\Engine Toolkit\Scenes</Filter>
    </ClInclude>
    <ClInclude Include="PlayerData.h">
      <Filter>Header Files\Engine Toolkit</Filter>
    </ClInclude>
    <ClInclude Include="PlaySelectScene.h">
      <Filter>Header Files\Engine Toolkit\Scenes\Gameplay</Filter>
    </ClInclude>
    <ClInclude Include="StatsScene.h">
      <Filter>Header Files\Engine Toolkit\Scenes</Filter>
    </ClInclude>
    <ClInclude Include="CampaignInfoScene.h">
      <Filter>Header Files\Engine Toolkit\Scenes\Gameplay\Campaign</Filter>
    </ClInclude>
    <ClInclude Include="EndlessInfoScene.h">
      <Filter>Header Files\Engine Toolkit\Scenes\Gameplay\Endless</Filter>
    </ClInclude>
    <ClInclude Include="ChallengeInfoScene.h">
      <Filter>Header Files\Engine Toolkit\Scenes\Gameplay\Challenge</Filter>
    </ClInclude>
    <ClInclude Include="CampaignSelectScene.h">
      <Filter>Header Files\Engine Toolkit\Scenes\Gameplay\Campaign</Filter>
    </ClInclude>
    <ClInclude Include="PlayCampaignScene.h">
      <Filter>Header Files\Engine Toolkit\Scenes\Gameplay\Campaign</Filter>
    </ClInclude>
    <ClInclude Include="Cannon.h">
      <Filter>Header Files\Engine Toolkit\Entity</Filter>
    </ClInclude>
    <ClInclude Include="Ball.h">
      <Filter>Header Files\Engine Toolkit\Entity</Filter>
    </ClInclude>
    <ClInclude Include="PneumaticPress.h">
      <Filter>Header Files\Engine Toolkit\Entity</Filter>
    </ClInclude>
    <ClInclude Include="Entity.h">
      <Filter>Header Files\Engine Toolkit\Entity</Filter>
    </ClInclude>
    <ClInclude Include="GameSettings.h">
      <Filter>Header Files\Engine Toolkit\Scenes\Gameplay</Filter>
    </ClInclude>
    <ClInclude Include="CampVictoryScene.h">
      <Filter>Header Files\Engine Toolkit\Scenes\Gameplay\Campaign</Filter>
    </ClInclude>
    <ClInclude Include="CampLoseScene.h">
      <Filter>Header Files\Engine Toolkit\Scenes\Gameplay\Campaign</Filter>
    </ClInclude>
  </ItemGroup>
</Project>